
Microsoft Visual Studio Solution File, Format Version 12.00
# Visual Studio 2012
Project("{FAE04EC0-301F-11D3-BF4B-00C04F79EFBC}") = "MouseCoo", "MouseCoo\MouseCoo.csproj", "{C13231DE-FC64-4E0D-B27D-C64811FE62BB}"
EndProject
Project("{FAE04EC0-301F-11D3-BF4B-00C04F79EFBC}") = "MouseHook", "MouseHook\MouseHook.csproj", "{D7235F88-D2F5-449E-A315-706BBAA94B84}"
EndProject
Global
	GlobalSection(SolutionConfigurationPlatforms) = preSolution
		Debug|Any CPU = Debug|Any CPU
		Release|Any CPU = Release|Any CPU
	EndGlobalSection
	GlobalSection(ProjectConfigurationPlatforms) = postSolution
		{C13231DE-FC64-4E0D-B27D-C64811FE62BB}.Debug|Any CPU.ActiveCfg = Debug|Any CPU
		{C13231DE-FC64-4E0D-B27D-C64811FE62BB}.Debug|Any CPU.Build.0 = Debug|Any CPU
		{C13231DE-FC64-4E0D-B27D-C64811FE62BB}.Release|Any CPU.ActiveCfg = Release|Any CPU
		{C13231DE-FC64-4E0D-B27D-C64811FE62BB}.Release|Any CPU.Build.0 = Release|Any CPU
		{D7235F88-D2F5-449E-A315-706BBAA94B84}.Debug|Any CPU.ActiveCfg = Debug|Any CPU
		{D7235F88-D2F5-449E-A315-706BBAA94B84}.Debug|Any CPU.Build.0 = Debug|Any CPU
		{D7235F88-D2F5-449E-A315-706BBAA94B84}.Release|Any CPU.ActiveCfg = Release|Any CPU
		{D7235F88-D2F5-449E-A315-706BBAA94B84}.Release|Any CPU.Build.0 = Release|Any CPU
	EndGlobalSection
	GlobalSection(SolutionProperties) = preSolution
		HideSolutionNode = FALSE
	EndGlobalSection
EndGlobal
